
Microsoft Visual Studio Solution File, Format Version 12.00
# Visual Studio Version 17
VisualStudioVersion = 17.6.33723.286
MinimumVisualStudioVersion = 10.0.40219.1
Project("{54A90642-561A-4BB1-A94E-469ADEE60C69}") = "cv", "cv.esproj", "{444F6F6C-BD4F-47C0-B718-88165D276A61}"
EndProject
Global
	GlobalSection(SolutionConfigurationPlatforms) = preSolution
		Debug|Any CPU = Debug|Any CPU
		Release|Any CPU = Release|Any CPU
	EndGlobalSection
	GlobalSection(ProjectConfigurationPlatforms) = postSolution
		{444F6F6C-BD4F-47C0-B718-88165D276A61}.Debug|Any CPU.ActiveCfg = Debug|Any CPU
		{444F6F6C-BD4F-47C0-B718-88165D276A61}.Debug|Any CPU.Build.0 = Debug|Any CPU
		{444F6F6C-BD4F-47C0-B718-88165D276A61}.Debug|Any CPU.Deploy.0 = Debug|Any CPU
		{444F6F6C-BD4F-47C0-B718-88165D276A61}.Release|Any CPU.ActiveCfg = Release|Any CPU
		{444F6F6C-BD4F-47C0-B718-88165D276A61}.Release|Any CPU.Build.0 = Release|Any CPU
		{444F6F6C-BD4F-47C0-B718-88165D276A61}.Release|Any CPU.Deploy.0 = Release|Any CPU
	EndGlobalSection
	GlobalSection(SolutionProperties) = preSolution
		HideSolutionNode = FALSE
	EndGlobalSection
	GlobalSection(ExtensibilityGlobals) = postSolution
		SolutionGuid = {CAAED7A1-41A9-47CE-B9F4-C04F152BD967}
	EndGlobalSection
EndGlobal
